// !$*UTF8*$!
{
	archiveVersion = 1;
	classes = {
	};
	objectVersion = 46;
	objects = {

/* Begin PBXBuildFile section */
		B7DE77B21C5A90C000558A90 /* AppDelegate.swift in Sources */ = {isa = PBXBuildFile; fileRef = B7DE77B11C5A90C000558A90 /* AppDelegate.swift */; };
		B7DE77B41C5A90C000558A90 /* ViewController.swift in Sources */ = {isa = PBXBuildFile; fileRef = B7DE77B31C5A90C000558A90 /* ViewController.swift */; };
		B7DE77B71C5A90C000558A90 /* Main.storyboard in Resources */ = {isa = PBXBuildFile; fileRef = B7DE77B51C5A90C000558A90 /* Main.storyboard */; };
		B7DE77B91C5A90C000558A90 /* Assets.xcassets in Resources */ = {isa = PBXBuildFile; fileRef = B7DE77B81C5A90C000558A90 /* Assets.xcassets */; };
		B7DE77BC1C5A90C000558A90 /* LaunchScreen.storyboard in Resources */ = {isa = PBXBuildFile; fileRef = B7DE77BA1C5A90C000558A90 /* LaunchScreen.storyboard */; };
		B7DE77C81C5AA2A600558A90 /* BonnieDetail.swift in Sources */ = {isa = PBXBuildFile; fileRef = B7DE77C71C5AA2A600558A90 /* BonnieDetail.swift */; };
		B7DE77CA1C5AB38D00558A90 /* BonTye.swift in Sources */ = {isa = PBXBuildFile; fileRef = B7DE77C91C5AB38D00558A90 /* BonTye.swift */; };
/* End PBXBuildFile section */

/* Begin PBXFileReference section */
		B7DE77AE1C5A90C000558A90 /* BonnieTyler.app */ = {isa = PBXFileReference; explicitFileType = wrapper.application; includeInIndex = 0; path = BonnieTyler.app; sourceTree = BUILT_PRODUCTS_DIR; };
		B7DE77B11C5A90C000558A90 /* AppDelegate.swift */ = {isa = PBXFileReference; lastKnownFileType = sourcecode.swift; path = AppDelegate.swift; sourceTree = "<group>"; };
		B7DE77B31C5A90C000558A90 /* ViewController.swift */ = {isa = PBXFileReference; lastKnownFileType = sourcecode.swift; path = ViewController.swift; sourceTree = "<group>"; };
		B7DE77B61C5A90C000558A90 /* Base */ = {isa = PBXFileReference; lastKnownFileType = file.storyboard; name = Base; path = Base.lproj/Main.storyboard; sourceTree = "<group>"; };
		B7DE77B81C5A90C000558A90 /* Assets.xcassets */ = {isa = PBXFileReference; lastKnownFileType = folder.assetcatalog; path = Assets.xcassets; sourceTree = "<group>"; };
		B7DE77BB1C5A90C000558A90 /* Base */ = {isa = PBXFileReference; lastKnownFileType = file.storyboard; name = Base; path = Base.lproj/LaunchScreen.storyboard; sourceTree = "<group>"; };
		B7DE77BD1C5A90C000558A90 /* Info.plist */ = {isa = PBXFileReference; lastKnownFileType = text.plist.xml; path = Info.plist; sourceTree = "<group>"; };
		B7DE77C71C5AA2A600558A90 /* BonnieDetail.swift */ = {isa = PBXFileReference; fileEncoding = 4; lastKnownFileType = sourcecode.swift; path = BonnieDetail.swift; sourceTree = "<group>"; };
		B7DE77C91C5AB38D00558A90 /* BonTye.swift */ = {isa = PBXFileReference; fileEncoding = 4; lastKnownFileType = sourcecode.swift; path = BonTye.swift; sourceTree = "<group>"; };
/* End PBXFileReference section */

/* Begin PBXFrameworksBuildPhase section */
		B7DE77AB1C5A90C000558A90 /* Frameworks */ = {
			isa = PBXFrameworksBuildPhase;
			buildActionMask = 2147483647;
			files = (
			);
			runOnlyForDeploymentPostprocessing = 0;
		};
/* End PBXFrameworksBuildPhase section */

/* Begin PBXGroup section */
		B7DE77A51C5A90C000558A90 = {
			isa = PBXGroup;
			children = (
				B7DE77B01C5A90C000558A90 /* BonnieTyler */,
				B7DE77AF1C5A90C000558A90 /* Products */,
			);
			sourceTree = "<group>";
		};
		B7DE77AF1C5A90C000558A90 /* Products */ = {
			isa = PBXGroup;
			children = (
				B7DE77AE1C5A90C000558A90 /* BonnieTyler.app */,
			);
			name = Products;
			sourceTree = "<group>";
		};
		B7DE77B01C5A90C000558A90 /* BonnieTyler */ = {
			isa = PBXGroup;
			children = (
				B7DE77B11C5A90C000558A90 /* AppDelegate.swift */,
				B7DE77B31C5A90C000558A90 /* ViewController.swift */,
				B7DE77B51C5A90C000558A90 /* Main.storyboard */,
				B7DE77B81C5A90C000558A90 /* Assets.xcassets */,
				B7DE77BA1C5A90C000558A90 /* LaunchScreen.storyboard */,
				B7DE77BD1C5A90C000558A90 /* Info.plist */,
				B7DE77C71C5AA2A600558A90 /* BonnieDetail.swift */,
				B7DE77C91C5AB38D00558A90 /* BonTye.swift */,
			);
			path = BonnieTyler;
			sourceTree = "<group>";
		};
/* End PBXGroup section */

/* Begin PBXNativeTarget section */
		B7DE77AD1C5A90C000558A90 /* BonnieTyler */ = {
			isa = PBXNativeTarget;
			buildConfigurationList = B7DE77C01C5A90C000558A90 /* Build configuration list for PBXNativeTarget "BonnieTyler" */;
			buildPhases = (
				B7DE77AA1C5A90C000558A90 /* Sources */,
				B7DE77AB1C5A90C000558A90 /* Frameworks */,
				B7DE77AC1C5A90C000558A90 /* Resources */,
			);
			buildRules = (
			);
			dependencies = (
			);
			name = BonnieTyler;
			productName = BonnieTyler;
			productReference = B7DE77AE1C5A90C000558A90 /* BonnieTyler.app */;
			productType = "com.apple.product-type.application";
		};
/* End PBXNativeTarget section */

/* Begin PBXProject section */
		B7DE77A61C5A90C000558A90 /* Project object */ = {
			isa = PBXProject;
			attributes = {
				LastSwiftUpdateCheck = 0720;
				LastUpgradeCheck = 0720;
				ORGANIZATIONNAME = "ISO DEVELOPER";
				TargetAttributes = {
					B7DE77AD1C5A90C000558A90 = {
						CreatedOnToolsVersion = 7.2;
					};
				};
			};
			buildConfigurationList = B7DE77A91C5A90C000558A90 /* Build configuration list for PBXProject "BonnieTyler" */;
			compatibilityVersion = "Xcode 3.2";
			developmentRegion = English;
			hasScannedForEncodings = 0;
			knownRegions = (
				en,
				Base,
			);
			mainGroup = B7DE77A51C5A90C000558A90;
			productRefGroup = B7DE77AF1C5A90C000558A90 /* Products */;
			projectDirPath = "";
			projectRoot = "";
			targets = (
				B7DE77AD1C5A90C000558A90 /* BonnieTyler */,
			);
		};
/* End PBXProject section */

/* Begin PBXResourcesBuildPhase section */
		B7DE77AC1C5A90C000558A90 /* Resources */ = {
			isa = PBXResourcesBuildPhase;
			buildActionMask = 2147483647;
			files = (
				B7DE77BC1C5A90C000558A90 /* LaunchScreen.storyboard in Resources */,
				B7DE77B91C5A90C000558A90 /* Assets.xcassets in Resources */,
				B7DE77B71C5A90C000558A90 /* Main.storyboard in Resources */,
			);
			runOnlyForDeploymentPostprocessing = 0;
		};
/* End PBXResourcesBuildPhase section */

/* Begin PBXSourcesBuildPhase section */
		B7DE77AA1C5A90C000558A90 /* Sources */ = {
			isa = PBXSourcesBuildPhase;
			buildActionMask = 2147483647;
			files = (
				B7DE77CA1C5AB38D00558A90 /* BonTye.swift in Sources */,
				B7DE77C81C5AA2A600558A90 /* BonnieDetail.swift in Sources */,
				B7DE77B41C5A90C000558A90 /* ViewController.swift in Sources */,
				B7DE77B21C5A90C000558A90 /* AppDelegate.swift in Sources */,
			);
			runOnlyForDeploymentPostprocessing = 0;
		};
/* End PBXSourcesBuildPhase section */

/* Begin PBXVariantGroup section */
		B7DE77B51C5A90C000558A90 /* Main.storyboard */ = {
			isa = PBXVariantGroup;
			children = (
				B7DE77B61C5A90C000558A90 /* Base */,
			);
			name = Main.storyboard;
			sourceTree = "<group>";
		};
		B7DE77BA1C5A90C000558A90 /* LaunchScreen.storyboard */ = {
			isa = PBXVariantGroup;
			children = (
				B7DE77BB1C5A90C000558A90 /* Base */,
			);
			name = LaunchScreen.storyboard;
			sourceTree = "<group>";
		};
/* End PBXVariantGroup section */

/* Begin XCBuildConfiguration section */
		B7DE77BE1C5A90C000558A90 /* Debug */ = {
			isa = XCBuildConfiguration;
			buildSettings = {
				ALWAYS_SEARCH_USER_PATHS = NO;
				CLANG_CXX_LANGUAGE_STANDARD = "gnu++0x";
				CLANG_CXX_LIBRARY = "libc++";
				CLANG_ENABLE_MODULES = YES;
				CLANG_ENABLE_OBJC_ARC = YES;
				CLANG_WARN_BOOL_CONVERSION = YES;
				CLANG_WARN_CONSTANT_CONVERSION = YES;
				CLANG_WARN_DIRECT_OBJC_ISA_USAGE = YES_ERROR;
				CLANG_WARN_EMPTY_BODY = YES;
				CLANG_WARN_ENUM_CONVERSION = YES;
				CLANG_WARN_INT_CONVERSION = YES;
				CLANG_WARN_OBJC_ROOT_CLASS = YES_ERROR;
				CLANG_WARN_UNREACHABLE_CODE = YES;
				CLANG_WARN__DUPLICATE_METHOD_MATCH = YES;
				"CODE_SIGN_IDENTITY[sdk=iphoneos*]" = "iPhone Developer";
				COPY_PHASE_STRIP = NO;
				DEBUG_INFORMATION_FORMAT = dwarf;
				ENABLE_STRICT_OBJC_MSGSEND = YES;
				ENABLE_TESTABILITY = YES;
				GCC_C_LANGUAGE_STANDARD = gnu99;
				GCC_DYNAMIC_NO_PIC = NO;
				GCC_NO_COMMON_BLOCKS = YES;
				GCC_OPTIMIZATION_LEVEL = 0;
				GCC_PREPROCESSOR_DEFINITIONS = (
					"DEBUG=1",
					"$(inherited)",
				);
				GCC_WARN_64_TO_32_BIT_CONVERSION = YES;
				GCC_WARN_ABOUT_RETURN_TYPE = YES_ERROR;
				GCC_WARN_UNDECLARED_SELECTOR = YES;
				GCC_WARN_UNINITIALIZED_AUTOS = YES_AGGRESSIVE;
				GCC_WARN_UNUSED_FUNCTION = YES;
				GCC_WARN_UNUSED_VARIABLE = YES;
				IPHONEOS_DEPLOYMENT_TARGET = 9.2;
				MTL_ENABLE_DEBUG_INFO = YES;
				ONLY_ACTIVE_ARCH = YES;
				SDKROOT = iphoneos;
				SWIFT_OPTIMIZATION_LEVEL = "-Onone";
			};
			name = Debug;
		};
		B7DE77BF1C5A90C000558A90 /* Release */ = {
			isa = XCBuildConfiguration;
			buildSettings = {
				ALWAYS_SEARCH_USER_PATHS = NO;
				CLANG_CXX_LANGUAGE_STANDARD = "gnu++0x";
				CLANG_CXX_LIBRARY = "libc++";
				CLANG_ENABLE_MODULES = YES;
				CLANG_ENABLE_OBJC_ARC = YES;
				CLANG_WARN_BOOL_CONVERSION = YES;
				CLANG_WARN_CONSTANT_CONVERSION = YES;
				CLANG_WARN_DIRECT_OBJC_ISA_USAGE = YES_ERROR;
				CLANG_WARN_EMPTY_BODY = YES;
				CLANG_WARN_ENUM_CONVERSION = YES;
				CLANG_WARN_INT_CONVERSION = YES;
				CLANG_WARN_OBJC_ROOT_CLASS = YES_ERROR;
				CLANG_WARN_UNREACHABLE_CODE = YES;
				CLANG_WARN__DUPLICATE_METHOD_MATCH = YES;
				"CODE_SIGN_IDENTITY[sdk=iphoneos*]" = "iPhone Developer";
				COPY_PHASE_STRIP = NO;
				DEBUG_INFORMATION_FORMAT = "dwarf-with-dsym";
				ENABLE_NS_ASSERTIONS = NO;
				ENABLE_STRICT_OBJC_MSGSEND = YES;
				GCC_C_LANGUAGE_STANDARD = gnu99;
				GCC_NO_COMMON_BLOCKS = YES;
				GCC_WARN_64_TO_32_BIT_CONVERSION = YES;
				GCC_WARN_ABOUT_RETURN_TYPE = YES_ERROR;
				GCC_WARN_UNDECLARED_SELECTOR = YES;
				GCC_WARN_UNINITIALIZED_AUTOS = YES_AGGRESSIVE;
				GCC_WARN_UNUSED_FUNCTION = YES;
				GCC_WARN_UNUSED_VARIABLE = YES;
				IPHONEOS_DEPLOYMENT_TARGET = 9.2;
				MTL_ENABLE_DEBUG_INFO = NO;
				SDKROOT = iphoneos;
				VALIDATE_PRODUCT = YES;
			};
			name = Release;
		};
		B7DE77C11C5A90C000558A90 /* Debug */ = {
			isa = XCBuildConfiguration;
			buildSettings = {
				ASSETCATALOG_COMPILER_APPICON_NAME = AppIcon;
				INFOPLIST_FILE = BonnieTyler/Info.plist;
				LD_RUNPATH_SEARCH_PATHS = "$(inherited) @executable_path/Frameworks";
				PRODUCT_BUNDLE_IDENTIFIER = com.isodeveloper.BonnieTyler;
				PRODUCT_NAME = "$(TARGET_NAME)";
			};
			name = Debug;
		};
		B7DE77C21C5A90C000558A90 /* Release */ = {
			isa = XCBuildConfiguration;
			buildSettings = {
				ASSETCATALOG_COMPILER_APPICON_NAME = AppIcon;
				INFOPLIST_FILE = BonnieTyler/Info.plist;
				LD_RUNPATH_SEARCH_PATHS = "$(inherited) @executable_path/Frameworks";
				PRODUCT_BUNDLE_IDENTIFIER = com.isodeveloper.BonnieTyler;
				PRODUCT_NAME = "$(TARGET_NAME)";
			};
			name = Release;
		};
/* End XCBuildConfiguration section */

/* Begin XCConfigurationList section */
		B7DE77A91C5A90C000558A90 /* Build configuration list for PBXProject "BonnieTyler" */ = {
			isa = XCConfigurationList;
			buildConfigurations = (
				B7DE77BE1C5A90C000558A90 /* Debug */,
				B7DE77BF1C5A90C000558A90 /* Release */,
			);
			defaultConfigurationIsVisible = 0;
			defaultConfigurationName = Release;
		};
		B7DE77C01C5A90C000558A90 /* Build configuration list for PBXNativeTarget "BonnieTyler" */ = {
			isa = XCConfigurationList;
			buildConfigurations = (
				B7DE77C11C5A90C000558A90 /* Debug */,
				B7DE77C21C5A90C000558A90 /* Release */,
			);
			defaultConfigurationIsVisible = 0;
		};
/* End XCConfigurationList section */
	};
	rootObject = B7DE77A61C5A90C000558A90 /* Project object */;
}
